<Solution>
  <Folder Name="/src/">
    <Project Path="src/Application/Application.csproj" Id="0f397f92-7c10-4114-933e-4087c4e4da64" />
    <Project Path="src/Core/Core.csproj" Id="3fc921a3-afbf-49ee-ac35-d551bdf5deb5" />
    <Project Path="src/Infrastructure/Infrastructure.csproj" Id="5dd9e7ea-786b-4109-9dfc-aa8006da6f70" />
  </Folder>
  <Folder Name="/tests/" />
  <Folder Name="/tools/" />
</Solution>
